Microsoft Visual Studio Solution File, Format Version 12.00
# Visual Studio Version 17
VisualStudioVersion = 17.5.2.0
MinimumVisualStudioVersion = 10.0.40219.1
Project("{2150E333-8FDC-42A3-9474-1A3956D46DE8}") = "MicroondasMVC-Benner", "MicroondasMVC-Benner", "{B9D0CDF0-0E55-BAB4-1FAC-B9BCF5D62F14}"
EndProject
Project("{FAE04EC0-301F-11D3-BF4B-00C04F79EFBC}") = "MicroondasMVC_Benner", "MicroondasMVC-Benner\MicroondasMVC_Benner.csproj", "{764D3F8B-5585-6F56-5341-E7655C27D009}"
EndProject
Global
	GlobalSection(SolutionConfigurationPlatforms) = preSolution
		Debug|Any CPU = Debug|Any CPU
		Release|Any CPU = Release|Any CPU
	EndGlobalSection
	GlobalSection(ProjectConfigurationPlatforms) = postSolution
		{764D3F8B-5585-6F56-5341-E7655C27D009}.Debug|Any CPU.ActiveCfg = Debug|Any CPU
		{764D3F8B-5585-6F56-5341-E7655C27D009}.Debug|Any CPU.Build.0 = Debug|Any CPU
		{764D3F8B-5585-6F56-5341-E7655C27D009}.Release|Any CPU.ActiveCfg = Release|Any CPU
		{764D3F8B-5585-6F56-5341-E7655C27D009}.Release|Any CPU.Build.0 = Release|Any CPU
	EndGlobalSection
	GlobalSection(SolutionProperties) = preSolution
		HideSolutionNode = FALSE
	EndGlobalSection
	GlobalSection(NestedProjects) = preSolution
		{764D3F8B-5585-6F56-5341-E7655C27D009} = {B9D0CDF0-0E55-BAB4-1FAC-B9BCF5D62F14}
	EndGlobalSection
	GlobalSection(ExtensibilityGlobals) = postSolution
		SolutionGuid = {F4A9720E-E7CD-41A0-9825-4647D5B986D9}
	EndGlobalSection
EndGlobal
